
Microsoft Visual Studio Solution File, Format Version 12.00
# Visual Studio Version 17
VisualStudioVersion = 17.0.31903.59
MinimumVisualStudioVersion = 10.0.40219.1
Project("{FAE04EC0-301F-11D3-BF4B-00C04F79EFBC}") = "JustiSafe.Web", "JustiSafe.Web\JustiSafe.Web.csproj", "{6422D2BE-2839-4A60-8336-5A07B21F3306}"
EndProject
Project("{FAE04EC0-301F-11D3-BF4B-00C04F79EFBC}") = "JustiSafe.Data", "JustiSafe.Data\JustiSafe.Data.csproj", "{0E661B7D-E831-4CA5-917B-C835B9E7901E}"
EndProject
Project("{FAE04EC0-301F-11D3-BF4B-00C04F79EFBC}") = "JustiSafe.Core", "JustiSafe.Core\JustiSafe.Core.csproj", "{5797CB13-093B-47E9-AE49-1C9B1CE3425C}"
EndProject
Project("{2150E333-8FDC-42A3-9474-1A3956D46DE8}") = "Services", "Services", "{5854FF58-B8C5-05C6-5BF2-ACE42193F22B}"
EndProject
Project("{FAE04EC0-301F-11D3-BF4B-00C04F79EFBC}") = "JustiSafe.Identity.API", "Services\JustiSafe.Identity.API\JustiSafe.Identity.API.csproj", "{6173FEE0-73FE-48E6-9C1A-106F75459152}"
EndProject
Project("{FAE04EC0-301F-11D3-BF4B-00C04F79EFBC}") = "JustiSafe.Cases.API", "Services\JustiSafe.Cases.API\JustiSafe.Cases.API.csproj", "{EB1D7CCB-9335-48B9-9B58-4CB1F600301E}"
EndProject
Project("{FAE04EC0-301F-11D3-BF4B-00C04F79EFBC}") = "JustiSafe.Gateway", "Services\JustiSafe.Gateway\JustiSafe.Gateway.csproj", "{B4C0944C-4F96-4B89-8FCA-00FE18A33A99}"
EndProject
Global
	GlobalSection(SolutionConfigurationPlatforms) = preSolution
		Debug|Any CPU = Debug|Any CPU
		Debug|x64 = Debug|x64
		Debug|x86 = Debug|x86
		Release|Any CPU = Release|Any CPU
		Release|x64 = Release|x64
		Release|x86 = Release|x86
	EndGlobalSection
	GlobalSection(ProjectConfigurationPlatforms) = postSolution
		{6422D2BE-2839-4A60-8336-5A07B21F3306}.Debug|Any CPU.ActiveCfg = Debug|Any CPU
		{6422D2BE-2839-4A60-8336-5A07B21F3306}.Debug|Any CPU.Build.0 = Debug|Any CPU
		{6422D2BE-2839-4A60-8336-5A07B21F3306}.Debug|x64.ActiveCfg = Debug|Any CPU
		{6422D2BE-2839-4A60-8336-5A07B21F3306}.Debug|x64.Build.0 = Debug|Any CPU
		{6422D2BE-2839-4A60-8336-5A07B21F3306}.Debug|x86.ActiveCfg = Debug|Any CPU
		{6422D2BE-2839-4A60-8336-5A07B21F3306}.Debug|x86.Build.0 = Debug|Any CPU
		{6422D2BE-2839-4A60-8336-5A07B21F3306}.Release|Any CPU.ActiveCfg = Release|Any CPU
		{6422D2BE-2839-4A60-8336-5A07B21F3306}.Release|Any CPU.Build.0 = Release|Any CPU
		{6422D2BE-2839-4A60-8336-5A07B21F3306}.Release|x64.ActiveCfg = Release|Any CPU
		{6422D2BE-2839-4A60-8336-5A07B21F3306}.Release|x64.Build.0 = Release|Any CPU
		{6422D2BE-2839-4A60-8336-5A07B21F3306}.Release|x86.ActiveCfg = Release|Any CPU
		{6422D2BE-2839-4A60-8336-5A07B21F3306}.Release|x86.Build.0 = Release|Any CPU
		{0E661B7D-E831-4CA5-917B-C835B9E7901E}.Debug|Any CPU.ActiveCfg = Debug|Any CPU
		{0E661B7D-E831-4CA5-917B-C835B9E7901E}.Debug|Any CPU.Build.0 = Debug|Any CPU
		{0E661B7D-E831-4CA5-917B-C835B9E7901E}.Debug|x64.ActiveCfg = Debug|Any CPU
		{0E661B7D-E831-4CA5-917B-C835B9E7901E}.Debug|x64.Build.0 = Debug|Any CPU
		{0E661B7D-E831-4CA5-917B-C835B9E7901E}.Debug|x86.ActiveCfg = Debug|Any CPU
		{0E661B7D-E831-4CA5-917B-C835B9E7901E}.Debug|x86.Build.0 = Debug|Any CPU
		{0E661B7D-E831-4CA5-917B-C835B9E7901E}.Release|Any CPU.ActiveCfg = Release|Any CPU
		{0E661B7D-E831-4CA5-917B-C835B9E7901E}.Release|Any CPU.Build.0 = Release|Any CPU
		{0E661B7D-E831-4CA5-917B-C835B9E7901E}.Release|x64.ActiveCfg = Release|Any CPU
		{0E661B7D-E831-4CA5-917B-C835B9E7901E}.Release|x64.Build.0 = Release|Any CPU
		{0E661B7D-E831-4CA5-917B-C835B9E7901E}.Release|x86.ActiveCfg = Release|Any CPU
		{0E661B7D-E831-4CA5-917B-C835B9E7901E}.Release|x86.Build.0 = Release|Any CPU
		{5797CB13-093B-47E9-AE49-1C9B1CE3425C}.Debug|Any CPU.ActiveCfg = Debug|Any CPU
		{5797CB13-093B-47E9-AE49-1C9B1CE3425C}.Debug|Any CPU.Build.0 = Debug|Any CPU
		{5797CB13-093B-47E9-AE49-1C9B1CE3425C}.Debug|x64.ActiveCfg = Debug|Any CPU
		{5797CB13-093B-47E9-AE49-1C9B1CE3425C}.Debug|x64.Build.0 = Debug|Any CPU
		{5797CB13-093B-47E9-AE49-1C9B1CE3425C}.Debug|x86.ActiveCfg = Debug|Any CPU
		{5797CB13-093B-47E9-AE49-1C9B1CE3425C}.Debug|x86.Build.0 = Debug|Any CPU
		{5797CB13-093B-47E9-AE49-1C9B1CE3425C}.Release|Any CPU.ActiveCfg = Release|Any CPU
		{5797CB13-093B-47E9-AE49-1C9B1CE3425C}.Release|Any CPU.Build.0 = Release|Any CPU
		{5797CB13-093B-47E9-AE49-1C9B1CE3425C}.Release|x64.ActiveCfg = Release|Any CPU
		{5797CB13-093B-47E9-AE49-1C9B1CE3425C}.Release|x64.Build.0 = Release|Any CPU
		{5797CB13-093B-47E9-AE49-1C9B1CE3425C}.Release|x86.ActiveCfg = Release|Any CPU
		{5797CB13-093B-47E9-AE49-1C9B1CE3425C}.Release|x86.Build.0 = Release|Any CPU
		{6173FEE0-73FE-48E6-9C1A-106F75459152}.Debug|Any CPU.ActiveCfg = Debug|Any CPU
		{6173FEE0-73FE-48E6-9C1A-106F75459152}.Debug|Any CPU.Build.0 = Debug|Any CPU
		{6173FEE0-73FE-48E6-9C1A-106F75459152}.Debug|x64.ActiveCfg = Debug|Any CPU
		{6173FEE0-73FE-48E6-9C1A-106F75459152}.Debug|x64.Build.0 = Debug|Any CPU
		{6173FEE0-73FE-48E6-9C1A-106F75459152}.Debug|x86.ActiveCfg = Debug|Any CPU
		{6173FEE0-73FE-48E6-9C1A-106F75459152}.Debug|x86.Build.0 = Debug|Any CPU
		{6173FEE0-73FE-48E6-9C1A-106F75459152}.Release|Any CPU.ActiveCfg = Release|Any CPU
		{6173FEE0-73FE-48E6-9C1A-106F75459152}.Release|Any CPU.Build.0 = Release|Any CPU
		{6173FEE0-73FE-48E6-9C1A-106F75459152}.Release|x64.ActiveCfg = Release|Any CPU
		{6173FEE0-73FE-48E6-9C1A-106F75459152}.Release|x64.Build.0 = Release|Any CPU
		{6173FEE0-73FE-48E6-9C1A-106F75459152}.Release|x86.ActiveCfg = Release|Any CPU
		{6173FEE0-73FE-48E6-9C1A-106F75459152}.Release|x86.Build.0 = Release|Any CPU
		{EB1D7CCB-9335-48B9-9B58-4CB1F600301E}.Debug|Any CPU.ActiveCfg = Debug|Any CPU
		{EB1D7CCB-9335-48B9-9B58-4CB1F600301E}.Debug|Any CPU.Build.0 = Debug|Any CPU
		{EB1D7CCB-9335-48B9-9B58-4CB1F600301E}.Debug|x64.ActiveCfg = Debug|Any CPU
		{EB1D7CCB-9335-48B9-9B58-4CB1F600301E}.Debug|x64.Build.0 = Debug|Any CPU
		{EB1D7CCB-9335-48B9-9B58-4CB1F600301E}.Debug|x86.ActiveCfg = Debug|Any CPU
		{EB1D7CCB-9335-48B9-9B58-4CB1F600301E}.Debug|x86.Build.0 = Debug|Any CPU
		{EB1D7CCB-9335-48B9-9B58-4CB1F600301E}.Release|Any CPU.ActiveCfg = Release|Any CPU
		{EB1D7CCB-9335-48B9-9B58-4CB1F600301E}.Release|Any CPU.Build.0 = Release|Any CPU
		{EB1D7CCB-9335-48B9-9B58-4CB1F600301E}.Release|x64.ActiveCfg = Release|Any CPU
		{EB1D7CCB-9335-48B9-9B58-4CB1F600301E}.Release|x64.Build.0 = Release|Any CPU
		{EB1D7CCB-9335-48B9-9B58-4CB1F600301E}.Release|x86.ActiveCfg = Release|Any CPU
		{EB1D7CCB-9335-48B9-9B58-4CB1F600301E}.Release|x86.Build.0 = Release|Any CPU
		{B4C0944C-4F96-4B89-8FCA-00FE18A33A99}.Debug|Any CPU.ActiveCfg = Debug|Any CPU
		{B4C0944C-4F96-4B89-8FCA-00FE18A33A99}.Debug|Any CPU.Build.0 = Debug|Any CPU
		{B4C0944C-4F96-4B89-8FCA-00FE18A33A99}.Debug|x64.ActiveCfg = Debug|Any CPU
		{B4C0944C-4F96-4B89-8FCA-00FE18A33A99}.Debug|x64.Build.0 = Debug|Any CPU
		{B4C0944C-4F96-4B89-8FCA-00FE18A33A99}.Debug|x86.ActiveCfg = Debug|Any CPU
		{B4C0944C-4F96-4B89-8FCA-00FE18A33A99}.Debug|x86.Build.0 = Debug|Any CPU
		{B4C0944C-4F96-4B89-8FCA-00FE18A33A99}.Release|Any CPU.ActiveCfg = Release|Any CPU
		{B4C0944C-4F96-4B89-8FCA-00FE18A33A99}.Release|Any CPU.Build.0 = Release|Any CPU
		{B4C0944C-4F96-4B89-8FCA-00FE18A33A99}.Release|x64.ActiveCfg = Release|Any CPU
		{B4C0944C-4F96-4B89-8FCA-00FE18A33A99}.Release|x64.Build.0 = Release|Any CPU
		{B4C0944C-4F96-4B89-8FCA-00FE18A33A99}.Release|x86.ActiveCfg = Release|Any CPU
		{B4C0944C-4F96-4B89-8FCA-00FE18A33A99}.Release|x86.Build.0 = Release|Any CPU
	EndGlobalSection
	GlobalSection(SolutionProperties) = preSolution
		HideSolutionNode = FALSE
	EndGlobalSection
	GlobalSection(NestedProjects) = preSolution
		{6173FEE0-73FE-48E6-9C1A-106F75459152} = {5854FF58-B8C5-05C6-5BF2-ACE42193F22B}
		{EB1D7CCB-9335-48B9-9B58-4CB1F600301E} = {5854FF58-B8C5-05C6-5BF2-ACE42193F22B}
		{B4C0944C-4F96-4B89-8FCA-00FE18A33A99} = {5854FF58-B8C5-05C6-5BF2-ACE42193F22B}
	EndGlobalSection
EndGlobal
